
Microsoft Visual Studio Solution File, Format Version 12.00
# Visual Studio Version 16
VisualStudioVersion = 16.0.30114.105
MinimumVisualStudioVersion = 10.0.40219.1
Project("{9A19103F-16F7-4668-BE54-9A1E7A4F7556}") = "R5T.F0002.Construction", "R5T.F0002.Construction\R5T.F0002.Construction.csproj", "{E97A6B51-02F4-4C32-8436-CC10FB693E4B}"
EndProject
Project("{9A19103F-16F7-4668-BE54-9A1E7A4F7556}") = "R5T.F0002", "R5T.F0002\R5T.F0002.csproj", "{00FBFE66-E993-474F-B848-BDAB75316299}"
EndProject
Project("{2150E333-8FDC-42A3-9474-1A3956D46DE8}") = "_Dependencies", "_Dependencies", "{38547AEA-E9EB-4024-AF71-BA2276CF47DB}"
EndProject
Project("{9A19103F-16F7-4668-BE54-9A1E7A4F7556}") = "R5T.Z0004", "..\..\R5T.Z0004\source\R5T.Z0004\R5T.Z0004.csproj", "{1A7369B4-6F14-45D0-B9B0-28C66EB264DB}"
EndProject
Project("{9A19103F-16F7-4668-BE54-9A1E7A4F7556}") = "R5T.T0132", "..\..\R5T.T0132\source\R5T.T0132\R5T.T0132.csproj", "{F1AECB55-A47D-4F48-A135-E83ED3D4A1DD}"
EndProject
Project("{9A19103F-16F7-4668-BE54-9A1E7A4F7556}") = "R5T.T0131", "..\..\R5T.T0131\source\R5T.T0131\R5T.T0131.csproj", "{20E5B4BA-C735-4277-AFBA-6923AFE0ACC9}"
EndProject
Project("{9A19103F-16F7-4668-BE54-9A1E7A4F7556}") = "R5T.Y0000", "..\..\R5T.Y0000\source\R5T.Y0000\R5T.Y0000.csproj", "{7529DC0B-D0FA-4A06-84B2-8CF09C1315EC}"
EndProject
Project("{9A19103F-16F7-4668-BE54-9A1E7A4F7556}") = "R5T.Z0000", "..\..\R5T.Z0000\source\R5T.Z0000\R5T.Z0000.csproj", "{15CEBC94-E254-4F16-BACC-81A36C9A54EC}"
EndProject
Project("{9A19103F-16F7-4668-BE54-9A1E7A4F7556}") = "R5T.F0000", "..\..\R5T.F0000\source\R5T.F0000\R5T.F0000.csproj", "{90EC0E33-6978-45AD-B0D8-1A349A05D838}"
EndProject
Project("{9A19103F-16F7-4668-BE54-9A1E7A4F7556}") = "R5T.Magyar", "..\..\R5T.Magyar\source\R5T.Magyar\R5T.Magyar.csproj", "{EDF0AF41-EB01-47E4-9C3F-9E860B2B8809}"
EndProject
Global
	GlobalSection(SolutionConfigurationPlatforms) = preSolution
		Debug|Any CPU = Debug|Any CPU
		Debug|x64 = Debug|x64
		Debug|x86 = Debug|x86
		Release|Any CPU = Release|Any CPU
		Release|x64 = Release|x64
		Release|x86 = Release|x86
	EndGlobalSection
	GlobalSection(ProjectConfigurationPlatforms) = postSolution
		{E97A6B51-02F4-4C32-8436-CC10FB693E4B}.Debug|Any CPU.ActiveCfg = Debug|Any CPU
		{E97A6B51-02F4-4C32-8436-CC10FB693E4B}.Debug|Any CPU.Build.0 = Debug|Any CPU
		{E97A6B51-02F4-4C32-8436-CC10FB693E4B}.Debug|x64.ActiveCfg = Debug|Any CPU
		{E97A6B51-02F4-4C32-8436-CC10FB693E4B}.Debug|x64.Build.0 = Debug|Any CPU
		{E97A6B51-02F4-4C32-8436-CC10FB693E4B}.Debug|x86.ActiveCfg = Debug|Any CPU
		{E97A6B51-02F4-4C32-8436-CC10FB693E4B}.Debug|x86.Build.0 = Debug|Any CPU
		{E97A6B51-02F4-4C32-8436-CC10FB693E4B}.Release|Any CPU.ActiveCfg = Release|Any CPU
		{E97A6B51-02F4-4C32-8436-CC10FB693E4B}.Release|Any CPU.Build.0 = Release|Any CPU
		{E97A6B51-02F4-4C32-8436-CC10FB693E4B}.Release|x64.ActiveCfg = Release|Any CPU
		{E97A6B51-02F4-4C32-8436-CC10FB693E4B}.Release|x64.Build.0 = Release|Any CPU
		{E97A6B51-02F4-4C32-8436-CC10FB693E4B}.Release|x86.ActiveCfg = Release|Any CPU
		{E97A6B51-02F4-4C32-8436-CC10FB693E4B}.Release|x86.Build.0 = Release|Any CPU
		{00FBFE66-E993-474F-B848-BDAB75316299}.Debug|Any CPU.ActiveCfg = Debug|Any CPU
		{00FBFE66-E993-474F-B848-BDAB75316299}.Debug|Any CPU.Build.0 = Debug|Any CPU
		{00FBFE66-E993-474F-B848-BDAB75316299}.Debug|x64.ActiveCfg = Debug|Any CPU
		{00FBFE66-E993-474F-B848-BDAB75316299}.Debug|x64.Build.0 = Debug|Any CPU
		{00FBFE66-E993-474F-B848-BDAB75316299}.Debug|x86.ActiveCfg = Debug|Any CPU
		{00FBFE66-E993-474F-B848-BDAB75316299}.Debug|x86.Build.0 = Debug|Any CPU
		{00FBFE66-E993-474F-B848-BDAB75316299}.Release|Any CPU.ActiveCfg = Release|Any CPU
		{00FBFE66-E993-474F-B848-BDAB75316299}.Release|Any CPU.Build.0 = Release|Any CPU
		{00FBFE66-E993-474F-B848-BDAB75316299}.Release|x64.ActiveCfg = Release|Any CPU
		{00FBFE66-E993-474F-B848-BDAB75316299}.Release|x64.Build.0 = Release|Any CPU
		{00FBFE66-E993-474F-B848-BDAB75316299}.Release|x86.ActiveCfg = Release|Any CPU
		{00FBFE66-E993-474F-B848-BDAB75316299}.Release|x86.Build.0 = Release|Any CPU
		{1A7369B4-6F14-45D0-B9B0-28C66EB264DB}.Debug|Any CPU.ActiveCfg = Debug|Any CPU
		{1A7369B4-6F14-45D0-B9B0-28C66EB264DB}.Debug|Any CPU.Build.0 = Debug|Any CPU
		{1A7369B4-6F14-45D0-B9B0-28C66EB264DB}.Debug|x64.ActiveCfg = Debug|Any CPU
		{1A7369B4-6F14-45D0-B9B0-28C66EB264DB}.Debug|x64.Build.0 = Debug|Any CPU
		{1A7369B4-6F14-45D0-B9B0-28C66EB264DB}.Debug|x86.ActiveCfg = Debug|Any CPU
		{1A7369B4-6F14-45D0-B9B0-28C66EB264DB}.Debug|x86.Build.0 = Debug|Any CPU
		{1A7369B4-6F14-45D0-B9B0-28C66EB264DB}.Release|Any CPU.ActiveCfg = Release|Any CPU
		{1A7369B4-6F14-45D0-B9B0-28C66EB264DB}.Release|Any CPU.Build.0 = Release|Any CPU
		{1A7369B4-6F14-45D0-B9B0-28C66EB264DB}.Release|x64.ActiveCfg = Release|Any CPU
		{1A7369B4-6F14-45D0-B9B0-28C66EB264DB}.Release|x64.Build.0 = Release|Any CPU
		{1A7369B4-6F14-45D0-B9B0-28C66EB264DB}.Release|x86.ActiveCfg = Release|Any CPU
		{1A7369B4-6F14-45D0-B9B0-28C66EB264DB}.Release|x86.Build.0 = Release|Any CPU
		{F1AECB55-A47D-4F48-A135-E83ED3D4A1DD}.Debug|Any CPU.ActiveCfg = Debug|Any CPU
		{F1AECB55-A47D-4F48-A135-E83ED3D4A1DD}.Debug|Any CPU.Build.0 = Debug|Any CPU
		{F1AECB55-A47D-4F48-A135-E83ED3D4A1DD}.Debug|x64.ActiveCfg = Debug|Any CPU
		{F1AECB55-A47D-4F48-A135-E83ED3D4A1DD}.Debug|x64.Build.0 = Debug|Any CPU
		{F1AECB55-A47D-4F48-A135-E83ED3D4A1DD}.Debug|x86.ActiveCfg = Debug|Any CPU
		{F1AECB55-A47D-4F48-A135-E83ED3D4A1DD}.Debug|x86.Build.0 = Debug|Any CPU
		{F1AECB55-A47D-4F48-A135-E83ED3D4A1DD}.Release|Any CPU.ActiveCfg = Release|Any CPU
		{F1AECB55-A47D-4F48-A135-E83ED3D4A1DD}.Release|Any CPU.Build.0 = Release|Any CPU
		{F1AECB55-A47D-4F48-A135-E83ED3D4A1DD}.Release|x64.ActiveCfg = Release|Any CPU
		{F1AECB55-A47D-4F48-A135-E83ED3D4A1DD}.Release|x64.Build.0 = Release|Any CPU
		{F1AECB55-A47D-4F48-A135-E83ED3D4A1DD}.Release|x86.ActiveCfg = Release|Any CPU
		{F1AECB55-A47D-4F48-A135-E83ED3D4A1DD}.Release|x86.Build.0 = Release|Any CPU
		{20E5B4BA-C735-4277-AFBA-6923AFE0ACC9}.Debug|Any CPU.ActiveCfg = Debug|Any CPU
		{20E5B4BA-C735-4277-AFBA-6923AFE0ACC9}.Debug|Any CPU.Build.0 = Debug|Any CPU
		{20E5B4BA-C735-4277-AFBA-6923AFE0ACC9}.Debug|x64.ActiveCfg = Debug|Any CPU
		{20E5B4BA-C735-4277-AFBA-6923AFE0ACC9}.Debug|x64.Build.0 = Debug|Any CPU
		{20E5B4BA-C735-4277-AFBA-6923AFE0ACC9}.Debug|x86.ActiveCfg = Debug|Any CPU
		{20E5B4BA-C735-4277-AFBA-6923AFE0ACC9}.Debug|x86.Build.0 = Debug|Any CPU
		{20E5B4BA-C735-4277-AFBA-6923AFE0ACC9}.Release|Any CPU.ActiveCfg = Release|Any CPU
		{20E5B4BA-C735-4277-AFBA-6923AFE0ACC9}.Release|Any CPU.Build.0 = Release|Any CPU
		{20E5B4BA-C735-4277-AFBA-6923AFE0ACC9}.Release|x64.ActiveCfg = Release|Any CPU
		{20E5B4BA-C735-4277-AFBA-6923AFE0ACC9}.Release|x64.Build.0 = Release|Any CPU
		{20E5B4BA-C735-4277-AFBA-6923AFE0ACC9}.Release|x86.ActiveCfg = Release|Any CPU
		{20E5B4BA-C735-4277-AFBA-6923AFE0ACC9}.Release|x86.Build.0 = Release|Any CPU
		{7529DC0B-D0FA-4A06-84B2-8CF09C1315EC}.Debug|Any CPU.ActiveCfg = Debug|Any CPU
		{7529DC0B-D0FA-4A06-84B2-8CF09C1315EC}.Debug|Any CPU.Build.0 = Debug|Any CPU
		{7529DC0B-D0FA-4A06-84B2-8CF09C1315EC}.Debug|x64.ActiveCfg = Debug|Any CPU
		{7529DC0B-D0FA-4A06-84B2-8CF09C1315EC}.Debug|x64.Build.0 = Debug|Any CPU
		{7529DC0B-D0FA-4A06-84B2-8CF09C1315EC}.Debug|x86.ActiveCfg = Debug|Any CPU
		{7529DC0B-D0FA-4A06-84B2-8CF09C1315EC}.Debug|x86.Build.0 = Debug|Any CPU
		{7529DC0B-D0FA-4A06-84B2-8CF09C1315EC}.Release|Any CPU.ActiveCfg = Release|Any CPU
		{7529DC0B-D0FA-4A06-84B2-8CF09C1315EC}.Release|Any CPU.Build.0 = Release|Any CPU
		{7529DC0B-D0FA-4A06-84B2-8CF09C1315EC}.Release|x64.ActiveCfg = Release|Any CPU
		{7529DC0B-D0FA-4A06-84B2-8CF09C1315EC}.Release|x64.Build.0 = Release|Any CPU
		{7529DC0B-D0FA-4A06-84B2-8CF09C1315EC}.Release|x86.ActiveCfg = Release|Any CPU
		{7529DC0B-D0FA-4A06-84B2-8CF09C1315EC}.Release|x86.Build.0 = Release|Any CPU
		{15CEBC94-E254-4F16-BACC-81A36C9A54EC}.Debug|Any CPU.ActiveCfg = Debug|Any CPU
		{15CEBC94-E254-4F16-BACC-81A36C9A54EC}.Debug|Any CPU.Build.0 = Debug|Any CPU
		{15CEBC94-E254-4F16-BACC-81A36C9A54EC}.Debug|x64.ActiveCfg = Debug|Any CPU
		{15CEBC94-E254-4F16-BACC-81A36C9A54EC}.Debug|x64.Build.0 = Debug|Any CPU
		{15CEBC94-E254-4F16-BACC-81A36C9A54EC}.Debug|x86.ActiveCfg = Debug|Any CPU
		{15CEBC94-E254-4F16-BACC-81A36C9A54EC}.Debug|x86.Build.0 = Debug|Any CPU
		{15CEBC94-E254-4F16-BACC-81A36C9A54EC}.Release|Any CPU.ActiveCfg = Release|Any CPU
		{15CEBC94-E254-4F16-BACC-81A36C9A54EC}.Release|Any CPU.Build.0 = Release|Any CPU
		{15CEBC94-E254-4F16-BACC-81A36C9A54EC}.Release|x64.ActiveCfg = Release|Any CPU
		{15CEBC94-E254-4F16-BACC-81A36C9A54EC}.Release|x64.Build.0 = Release|Any CPU
		{15CEBC94-E254-4F16-BACC-81A36C9A54EC}.Release|x86.ActiveCfg = Release|Any CPU
		{15CEBC94-E254-4F16-BACC-81A36C9A54EC}.Release|x86.Build.0 = Release|Any CPU
		{90EC0E33-6978-45AD-B0D8-1A349A05D838}.Debug|Any CPU.ActiveCfg = Debug|Any CPU
		{90EC0E33-6978-45AD-B0D8-1A349A05D838}.Debug|Any CPU.Build.0 = Debug|Any CPU
		{90EC0E33-6978-45AD-B0D8-1A349A05D838}.Debug|x64.ActiveCfg = Debug|Any CPU
		{90EC0E33-6978-45AD-B0D8-1A349A05D838}.Debug|x64.Build.0 = Debug|Any CPU
		{90EC0E33-6978-45AD-B0D8-1A349A05D838}.Debug|x86.ActiveCfg = Debug|Any CPU
		{90EC0E33-6978-45AD-B0D8-1A349A05D838}.Debug|x86.Build.0 = Debug|Any CPU
		{90EC0E33-6978-45AD-B0D8-1A349A05D838}.Release|Any CPU.ActiveCfg = Release|Any CPU
		{90EC0E33-6978-45AD-B0D8-1A349A05D838}.Release|Any CPU.Build.0 = Release|Any CPU
		{90EC0E33-6978-45AD-B0D8-1A349A05D838}.Release|x64.ActiveCfg = Release|Any CPU
		{90EC0E33-6978-45AD-B0D8-1A349A05D838}.Release|x64.Build.0 = Release|Any CPU
		{90EC0E33-6978-45AD-B0D8-1A349A05D838}.Release|x86.ActiveCfg = Release|Any CPU
		{90EC0E33-6978-45AD-B0D8-1A349A05D838}.Release|x86.Build.0 = Release|Any CPU
		{EDF0AF41-EB01-47E4-9C3F-9E860B2B8809}.Debug|Any CPU.ActiveCfg = Debug|Any CPU
		{EDF0AF41-EB01-47E4-9C3F-9E860B2B8809}.Debug|Any CPU.Build.0 = Debug|Any CPU
		{EDF0AF41-EB01-47E4-9C3F-9E860B2B8809}.Debug|x64.ActiveCfg = Debug|Any CPU
		{EDF0AF41-EB01-47E4-9C3F-9E860B2B8809}.Debug|x64.Build.0 = Debug|Any CPU
		{EDF0AF41-EB01-47E4-9C3F-9E860B2B8809}.Debug|x86.ActiveCfg = Debug|Any CPU
		{EDF0AF41-EB01-47E4-9C3F-9E860B2B8809}.Debug|x86.Build.0 = Debug|Any CPU
		{EDF0AF41-EB01-47E4-9C3F-9E860B2B8809}.Release|Any CPU.ActiveCfg = Release|Any CPU
		{EDF0AF41-EB01-47E4-9C3F-9E860B2B8809}.Release|Any CPU.Build.0 = Release|Any CPU
		{EDF0AF41-EB01-47E4-9C3F-9E860B2B8809}.Release|x64.ActiveCfg = Release|Any CPU
		{EDF0AF41-EB01-47E4-9C3F-9E860B2B8809}.Release|x64.Build.0 = Release|Any CPU
		{EDF0AF41-EB01-47E4-9C3F-9E860B2B8809}.Release|x86.ActiveCfg = Release|Any CPU
		{EDF0AF41-EB01-47E4-9C3F-9E860B2B8809}.Release|x86.Build.0 = Release|Any CPU
	EndGlobalSection
	GlobalSection(SolutionProperties) = preSolution
		HideSolutionNode = FALSE
	EndGlobalSection
	GlobalSection(NestedProjects) = preSolution
		{1A7369B4-6F14-45D0-B9B0-28C66EB264DB} = {38547AEA-E9EB-4024-AF71-BA2276CF47DB}
		{F1AECB55-A47D-4F48-A135-E83ED3D4A1DD} = {38547AEA-E9EB-4024-AF71-BA2276CF47DB}
		{20E5B4BA-C735-4277-AFBA-6923AFE0ACC9} = {38547AEA-E9EB-4024-AF71-BA2276CF47DB}
		{7529DC0B-D0FA-4A06-84B2-8CF09C1315EC} = {38547AEA-E9EB-4024-AF71-BA2276CF47DB}
		{15CEBC94-E254-4F16-BACC-81A36C9A54EC} = {38547AEA-E9EB-4024-AF71-BA2276CF47DB}
		{90EC0E33-6978-45AD-B0D8-1A349A05D838} = {38547AEA-E9EB-4024-AF71-BA2276CF47DB}
		{EDF0AF41-EB01-47E4-9C3F-9E860B2B8809} = {38547AEA-E9EB-4024-AF71-BA2276CF47DB}
	EndGlobalSection
	GlobalSection(ExtensibilityGlobals) = postSolution
		SolutionGuid = {0BCC83C3-A15E-4A86-8DCF-1587A5CEA7FD}
	EndGlobalSection
EndGlobal
