
Microsoft Visual Studio Solution File, Format Version 12.00
# Visual Studio Version 17
VisualStudioVersion = 17.2.32630.192
MinimumVisualStudioVersion = 10.0.40219.1
Project("{9A19103F-16F7-4668-BE54-9A1E7A4F7556}") = "R5T.F0002", "R5T.F0002\R5T.F0002.csproj", "{00FBFE66-E993-474F-B848-BDAB75316299}"
EndProject
Project("{2150E333-8FDC-42A3-9474-1A3956D46DE8}") = "_Dependencies", "_Dependencies", "{38547AEA-E9EB-4024-AF71-BA2276CF47DB}"
EndProject
Project("{9A19103F-16F7-4668-BE54-9A1E7A4F7556}") = "R5T.Z0004", "..\..\R5T.Z0004\source\R5T.Z0004\R5T.Z0004.csproj", "{1A7369B4-6F14-45D0-B9B0-28C66EB264DB}"
EndProject
Project("{9A19103F-16F7-4668-BE54-9A1E7A4F7556}") = "R5T.T0132", "..\..\R5T.T0132\source\R5T.T0132\R5T.T0132.csproj", "{F1AECB55-A47D-4F48-A135-E83ED3D4A1DD}"
EndProject
Project("{9A19103F-16F7-4668-BE54-9A1E7A4F7556}") = "R5T.T0131", "..\..\R5T.T0131\source\R5T.T0131\R5T.T0131.csproj", "{20E5B4BA-C735-4277-AFBA-6923AFE0ACC9}"
EndProject
Project("{9A19103F-16F7-4668-BE54-9A1E7A4F7556}") = "R5T.Y0000", "..\..\R5T.Y0000\source\R5T.Y0000\R5T.Y0000.csproj", "{7529DC0B-D0FA-4A06-84B2-8CF09C1315EC}"
EndProject
Project("{9A19103F-16F7-4668-BE54-9A1E7A4F7556}") = "R5T.Z0000", "..\..\R5T.Z0000\source\R5T.Z0000\R5T.Z0000.csproj", "{15CEBC94-E254-4F16-BACC-81A36C9A54EC}"
EndProject
Project("{9A19103F-16F7-4668-BE54-9A1E7A4F7556}") = "R5T.F0000", "..\..\R5T.F0000\source\R5T.F0000\R5T.F0000.csproj", "{90EC0E33-6978-45AD-B0D8-1A349A05D838}"
EndProject
Project("{9A19103F-16F7-4668-BE54-9A1E7A4F7556}") = "R5T.F0002.V000", "R5T.F0002.V000\R5T.F0002.V000.csproj", "{85559310-4C3F-4945-A8FF-076CD3967F07}"
EndProject
Project("{9A19103F-16F7-4668-BE54-9A1E7A4F7556}") = "R5T.T0120", "..\..\R5T.T0120\source\R5T.T0120\R5T.T0120.csproj", "{C982FE57-EAAA-4392-B213-7316B77909C7}"
EndProject
Project("{9A19103F-16F7-4668-BE54-9A1E7A4F7556}") = "R5T.F0101", "..\..\R5T.F0101\source\R5T.F0101\R5T.F0101.csproj", "{D1715BDC-3D2D-4A75-9F0C-D5AD96BE79F7}"
EndProject
Project("{9A19103F-16F7-4668-BE54-9A1E7A4F7556}") = "R5T.F0000.T000", "..\..\R5T.F0000\source\R5T.F0000.T000\R5T.F0000.T000.csproj", "{82A932AD-B826-4C46-99E3-73BFE354DC78}"
EndProject
Project("{9A19103F-16F7-4668-BE54-9A1E7A4F7556}") = "R5T.NG0017", "..\..\R5T.NG0017\source\R5T.NG0017\R5T.NG0017.csproj", "{4D188A93-3996-41CF-8F08-5D781AE2322C}"
EndProject
Project("{9A19103F-16F7-4668-BE54-9A1E7A4F7556}") = "R5T.T0142", "..\..\R5T.T0142\source\R5T.T0142\R5T.T0142.csproj", "{A9B74BB9-1008-464D-A6A6-8CB4DC4A2FC1}"
EndProject
Project("{9A19103F-16F7-4668-BE54-9A1E7A4F7556}") = "R5T.T0143", "..\..\R5T.T0143\source\R5T.T0143\R5T.T0143.csproj", "{8C15438B-6B5D-42E6-94B3-264C64A5C64F}"
EndProject
Project("{9A19103F-16F7-4668-BE54-9A1E7A4F7556}") = "R5T.T0156", "..\..\R5T.T0156\source\R5T.T0156\R5T.T0156.csproj", "{A93571DE-30B1-4838-9FD3-06321D1D8D20}"
EndProject
Project("{9A19103F-16F7-4668-BE54-9A1E7A4F7556}") = "R5T.F0002.V000.T000", "R5T.F0002.V000.T000\R5T.F0002.V000.T000.csproj", "{0E59EF3E-5E44-4808-8AA6-75655939A233}"
EndProject
Global
	GlobalSection(NestedProjects) = preSolution
		{1A7369B4-6F14-45D0-B9B0-28C66EB264DB} = {38547AEA-E9EB-4024-AF71-BA2276CF47DB}
		{F1AECB55-A47D-4F48-A135-E83ED3D4A1DD} = {38547AEA-E9EB-4024-AF71-BA2276CF47DB}
		{20E5B4BA-C735-4277-AFBA-6923AFE0ACC9} = {38547AEA-E9EB-4024-AF71-BA2276CF47DB}
		{7529DC0B-D0FA-4A06-84B2-8CF09C1315EC} = {38547AEA-E9EB-4024-AF71-BA2276CF47DB}
		{15CEBC94-E254-4F16-BACC-81A36C9A54EC} = {38547AEA-E9EB-4024-AF71-BA2276CF47DB}
		{90EC0E33-6978-45AD-B0D8-1A349A05D838} = {38547AEA-E9EB-4024-AF71-BA2276CF47DB}
		{C982FE57-EAAA-4392-B213-7316B77909C7} = {38547AEA-E9EB-4024-AF71-BA2276CF47DB}
		{D1715BDC-3D2D-4A75-9F0C-D5AD96BE79F7} = {38547AEA-E9EB-4024-AF71-BA2276CF47DB}
		{82A932AD-B826-4C46-99E3-73BFE354DC78} = {38547AEA-E9EB-4024-AF71-BA2276CF47DB}
		{4D188A93-3996-41CF-8F08-5D781AE2322C} = {38547AEA-E9EB-4024-AF71-BA2276CF47DB}
		{A9B74BB9-1008-464D-A6A6-8CB4DC4A2FC1} = {38547AEA-E9EB-4024-AF71-BA2276CF47DB}
		{8C15438B-6B5D-42E6-94B3-264C64A5C64F} = {38547AEA-E9EB-4024-AF71-BA2276CF47DB}
		{A93571DE-30B1-4838-9FD3-06321D1D8D20} = {38547AEA-E9EB-4024-AF71-BA2276CF47DB}
	EndGlobalSection
	GlobalSection(SolutionConfigurationPlatforms) = preSolution
		Debug|Any CPU = Debug|Any CPU
		Debug|x64 = Debug|x64
		Debug|x86 = Debug|x86
		Release|Any CPU = Release|Any CPU
		Release|x64 = Release|x64
		Release|x86 = Release|x86
	EndGlobalSection
	GlobalSection(ProjectConfigurationPlatforms) = postSolution
		{00FBFE66-E993-474F-B848-BDAB75316299}.Debug|Any CPU.ActiveCfg = Debug|Any CPU
		{00FBFE66-E993-474F-B848-BDAB75316299}.Debug|Any CPU.Build.0 = Debug|Any CPU
		{00FBFE66-E993-474F-B848-BDAB75316299}.Debug|x64.ActiveCfg = Debug|Any CPU
		{00FBFE66-E993-474F-B848-BDAB75316299}.Debug|x64.Build.0 = Debug|Any CPU
		{00FBFE66-E993-474F-B848-BDAB75316299}.Debug|x86.ActiveCfg = Debug|Any CPU
		{00FBFE66-E993-474F-B848-BDAB75316299}.Debug|x86.Build.0 = Debug|Any CPU
		{00FBFE66-E993-474F-B848-BDAB75316299}.Release|Any CPU.ActiveCfg = Release|Any CPU
		{00FBFE66-E993-474F-B848-BDAB75316299}.Release|Any CPU.Build.0 = Release|Any CPU
		{00FBFE66-E993-474F-B848-BDAB75316299}.Release|x64.ActiveCfg = Release|Any CPU
		{00FBFE66-E993-474F-B848-BDAB75316299}.Release|x64.Build.0 = Release|Any CPU
		{00FBFE66-E993-474F-B848-BDAB75316299}.Release|x86.ActiveCfg = Release|Any CPU
		{00FBFE66-E993-474F-B848-BDAB75316299}.Release|x86.Build.0 = Release|Any CPU
		{1A7369B4-6F14-45D0-B9B0-28C66EB264DB}.Debug|Any CPU.ActiveCfg = Debug|Any CPU
		{1A7369B4-6F14-45D0-B9B0-28C66EB264DB}.Debug|Any CPU.Build.0 = Debug|Any CPU
		{1A7369B4-6F14-45D0-B9B0-28C66EB264DB}.Debug|x64.ActiveCfg = Debug|Any CPU
		{1A7369B4-6F14-45D0-B9B0-28C66EB264DB}.Debug|x64.Build.0 = Debug|Any CPU
		{1A7369B4-6F14-45D0-B9B0-28C66EB264DB}.Debug|x86.ActiveCfg = Debug|Any CPU
		{1A7369B4-6F14-45D0-B9B0-28C66EB264DB}.Debug|x86.Build.0 = Debug|Any CPU
		{1A7369B4-6F14-45D0-B9B0-28C66EB264DB}.Release|Any CPU.ActiveCfg = Release|Any CPU
		{1A7369B4-6F14-45D0-B9B0-28C66EB264DB}.Release|Any CPU.Build.0 = Release|Any CPU
		{1A7369B4-6F14-45D0-B9B0-28C66EB264DB}.Release|x64.ActiveCfg = Release|Any CPU
		{1A7369B4-6F14-45D0-B9B0-28C66EB264DB}.Release|x64.Build.0 = Release|Any CPU
		{1A7369B4-6F14-45D0-B9B0-28C66EB264DB}.Release|x86.ActiveCfg = Release|Any CPU
		{1A7369B4-6F14-45D0-B9B0-28C66EB264DB}.Release|x86.Build.0 = Release|Any CPU
		{F1AECB55-A47D-4F48-A135-E83ED3D4A1DD}.Debug|Any CPU.ActiveCfg = Debug|Any CPU
		{F1AECB55-A47D-4F48-A135-E83ED3D4A1DD}.Debug|Any CPU.Build.0 = Debug|Any CPU
		{F1AECB55-A47D-4F48-A135-E83ED3D4A1DD}.Debug|x64.ActiveCfg = Debug|Any CPU
		{F1AECB55-A47D-4F48-A135-E83ED3D4A1DD}.Debug|x64.Build.0 = Debug|Any CPU
		{F1AECB55-A47D-4F48-A135-E83ED3D4A1DD}.Debug|x86.ActiveCfg = Debug|Any CPU
		{F1AECB55-A47D-4F48-A135-E83ED3D4A1DD}.Debug|x86.Build.0 = Debug|Any CPU
		{F1AECB55-A47D-4F48-A135-E83ED3D4A1DD}.Release|Any CPU.ActiveCfg = Release|Any CPU
		{F1AECB55-A47D-4F48-A135-E83ED3D4A1DD}.Release|Any CPU.Build.0 = Release|Any CPU
		{F1AECB55-A47D-4F48-A135-E83ED3D4A1DD}.Release|x64.ActiveCfg = Release|Any CPU
		{F1AECB55-A47D-4F48-A135-E83ED3D4A1DD}.Release|x64.Build.0 = Release|Any CPU
		{F1AECB55-A47D-4F48-A135-E83ED3D4A1DD}.Release|x86.ActiveCfg = Release|Any CPU
		{F1AECB55-A47D-4F48-A135-E83ED3D4A1DD}.Release|x86.Build.0 = Release|Any CPU
		{20E5B4BA-C735-4277-AFBA-6923AFE0ACC9}.Debug|Any CPU.ActiveCfg = Debug|Any CPU
		{20E5B4BA-C735-4277-AFBA-6923AFE0ACC9}.Debug|Any CPU.Build.0 = Debug|Any CPU
		{20E5B4BA-C735-4277-AFBA-6923AFE0ACC9}.Debug|x64.ActiveCfg = Debug|Any CPU
		{20E5B4BA-C735-4277-AFBA-6923AFE0ACC9}.Debug|x64.Build.0 = Debug|Any CPU
		{20E5B4BA-C735-4277-AFBA-6923AFE0ACC9}.Debug|x86.ActiveCfg = Debug|Any CPU
		{20E5B4BA-C735-4277-AFBA-6923AFE0ACC9}.Debug|x86.Build.0 = Debug|Any CPU
		{20E5B4BA-C735-4277-AFBA-6923AFE0ACC9}.Release|Any CPU.ActiveCfg = Release|Any CPU
		{20E5B4BA-C735-4277-AFBA-6923AFE0ACC9}.Release|Any CPU.Build.0 = Release|Any CPU
		{20E5B4BA-C735-4277-AFBA-6923AFE0ACC9}.Release|x64.ActiveCfg = Release|Any CPU
		{20E5B4BA-C735-4277-AFBA-6923AFE0ACC9}.Release|x64.Build.0 = Release|Any CPU
		{20E5B4BA-C735-4277-AFBA-6923AFE0ACC9}.Release|x86.ActiveCfg = Release|Any CPU
		{20E5B4BA-C735-4277-AFBA-6923AFE0ACC9}.Release|x86.Build.0 = Release|Any CPU
		{7529DC0B-D0FA-4A06-84B2-8CF09C1315EC}.Debug|Any CPU.ActiveCfg = Debug|Any CPU
		{7529DC0B-D0FA-4A06-84B2-8CF09C1315EC}.Debug|Any CPU.Build.0 = Debug|Any CPU
		{7529DC0B-D0FA-4A06-84B2-8CF09C1315EC}.Debug|x64.ActiveCfg = Debug|Any CPU
		{7529DC0B-D0FA-4A06-84B2-8CF09C1315EC}.Debug|x64.Build.0 = Debug|Any CPU
		{7529DC0B-D0FA-4A06-84B2-8CF09C1315EC}.Debug|x86.ActiveCfg = Debug|Any CPU
		{7529DC0B-D0FA-4A06-84B2-8CF09C1315EC}.Debug|x86.Build.0 = Debug|Any CPU
		{7529DC0B-D0FA-4A06-84B2-8CF09C1315EC}.Release|Any CPU.ActiveCfg = Release|Any CPU
		{7529DC0B-D0FA-4A06-84B2-8CF09C1315EC}.Release|Any CPU.Build.0 = Release|Any CPU
		{7529DC0B-D0FA-4A06-84B2-8CF09C1315EC}.Release|x64.ActiveCfg = Release|Any CPU
		{7529DC0B-D0FA-4A06-84B2-8CF09C1315EC}.Release|x64.Build.0 = Release|Any CPU
		{7529DC0B-D0FA-4A06-84B2-8CF09C1315EC}.Release|x86.ActiveCfg = Release|Any CPU
		{7529DC0B-D0FA-4A06-84B2-8CF09C1315EC}.Release|x86.Build.0 = Release|Any CPU
		{15CEBC94-E254-4F16-BACC-81A36C9A54EC}.Debug|Any CPU.ActiveCfg = Debug|Any CPU
		{15CEBC94-E254-4F16-BACC-81A36C9A54EC}.Debug|Any CPU.Build.0 = Debug|Any CPU
		{15CEBC94-E254-4F16-BACC-81A36C9A54EC}.Debug|x64.ActiveCfg = Debug|Any CPU
		{15CEBC94-E254-4F16-BACC-81A36C9A54EC}.Debug|x64.Build.0 = Debug|Any CPU
		{15CEBC94-E254-4F16-BACC-81A36C9A54EC}.Debug|x86.ActiveCfg = Debug|Any CPU
		{15CEBC94-E254-4F16-BACC-81A36C9A54EC}.Debug|x86.Build.0 = Debug|Any CPU
		{15CEBC94-E254-4F16-BACC-81A36C9A54EC}.Release|Any CPU.ActiveCfg = Release|Any CPU
		{15CEBC94-E254-4F16-BACC-81A36C9A54EC}.Release|Any CPU.Build.0 = Release|Any CPU
		{15CEBC94-E254-4F16-BACC-81A36C9A54EC}.Release|x64.ActiveCfg = Release|Any CPU
		{15CEBC94-E254-4F16-BACC-81A36C9A54EC}.Release|x64.Build.0 = Release|Any CPU
		{15CEBC94-E254-4F16-BACC-81A36C9A54EC}.Release|x86.ActiveCfg = Release|Any CPU
		{15CEBC94-E254-4F16-BACC-81A36C9A54EC}.Release|x86.Build.0 = Release|Any CPU
		{90EC0E33-6978-45AD-B0D8-1A349A05D838}.Debug|Any CPU.ActiveCfg = Debug|Any CPU
		{90EC0E33-6978-45AD-B0D8-1A349A05D838}.Debug|Any CPU.Build.0 = Debug|Any CPU
		{90EC0E33-6978-45AD-B0D8-1A349A05D838}.Debug|x64.ActiveCfg = Debug|Any CPU
		{90EC0E33-6978-45AD-B0D8-1A349A05D838}.Debug|x64.Build.0 = Debug|Any CPU
		{90EC0E33-6978-45AD-B0D8-1A349A05D838}.Debug|x86.ActiveCfg = Debug|Any CPU
		{90EC0E33-6978-45AD-B0D8-1A349A05D838}.Debug|x86.Build.0 = Debug|Any CPU
		{90EC0E33-6978-45AD-B0D8-1A349A05D838}.Release|Any CPU.ActiveCfg = Release|Any CPU
		{90EC0E33-6978-45AD-B0D8-1A349A05D838}.Release|Any CPU.Build.0 = Release|Any CPU
		{90EC0E33-6978-45AD-B0D8-1A349A05D838}.Release|x64.ActiveCfg = Release|Any CPU
		{90EC0E33-6978-45AD-B0D8-1A349A05D838}.Release|x64.Build.0 = Release|Any CPU
		{90EC0E33-6978-45AD-B0D8-1A349A05D838}.Release|x86.ActiveCfg = Release|Any CPU
		{90EC0E33-6978-45AD-B0D8-1A349A05D838}.Release|x86.Build.0 = Release|Any CPU
		{85559310-4C3F-4945-A8FF-076CD3967F07}.Debug|Any CPU.ActiveCfg = Debug|Any CPU
		{85559310-4C3F-4945-A8FF-076CD3967F07}.Debug|Any CPU.Build.0 = Debug|Any CPU
		{85559310-4C3F-4945-A8FF-076CD3967F07}.Debug|x64.ActiveCfg = Debug|Any CPU
		{85559310-4C3F-4945-A8FF-076CD3967F07}.Debug|x64.Build.0 = Debug|Any CPU
		{85559310-4C3F-4945-A8FF-076CD3967F07}.Debug|x86.ActiveCfg = Debug|Any CPU
		{85559310-4C3F-4945-A8FF-076CD3967F07}.Debug|x86.Build.0 = Debug|Any CPU
		{85559310-4C3F-4945-A8FF-076CD3967F07}.Release|Any CPU.ActiveCfg = Release|Any CPU
		{85559310-4C3F-4945-A8FF-076CD3967F07}.Release|Any CPU.Build.0 = Release|Any CPU
		{85559310-4C3F-4945-A8FF-076CD3967F07}.Release|x64.ActiveCfg = Release|Any CPU
		{85559310-4C3F-4945-A8FF-076CD3967F07}.Release|x64.Build.0 = Release|Any CPU
		{85559310-4C3F-4945-A8FF-076CD3967F07}.Release|x86.ActiveCfg = Release|Any CPU
		{85559310-4C3F-4945-A8FF-076CD3967F07}.Release|x86.Build.0 = Release|Any CPU
		{C982FE57-EAAA-4392-B213-7316B77909C7}.Debug|Any CPU.ActiveCfg = Debug|Any CPU
		{C982FE57-EAAA-4392-B213-7316B77909C7}.Debug|Any CPU.Build.0 = Debug|Any CPU
		{C982FE57-EAAA-4392-B213-7316B77909C7}.Debug|x64.ActiveCfg = Debug|Any CPU
		{C982FE57-EAAA-4392-B213-7316B77909C7}.Debug|x64.Build.0 = Debug|Any CPU
		{C982FE57-EAAA-4392-B213-7316B77909C7}.Debug|x86.ActiveCfg = Debug|Any CPU
		{C982FE57-EAAA-4392-B213-7316B77909C7}.Debug|x86.Build.0 = Debug|Any CPU
		{C982FE57-EAAA-4392-B213-7316B77909C7}.Release|Any CPU.ActiveCfg = Release|Any CPU
		{C982FE57-EAAA-4392-B213-7316B77909C7}.Release|Any CPU.Build.0 = Release|Any CPU
		{C982FE57-EAAA-4392-B213-7316B77909C7}.Release|x64.ActiveCfg = Release|Any CPU
		{C982FE57-EAAA-4392-B213-7316B77909C7}.Release|x64.Build.0 = Release|Any CPU
		{C982FE57-EAAA-4392-B213-7316B77909C7}.Release|x86.ActiveCfg = Release|Any CPU
		{C982FE57-EAAA-4392-B213-7316B77909C7}.Release|x86.Build.0 = Release|Any CPU
		{D1715BDC-3D2D-4A75-9F0C-D5AD96BE79F7}.Debug|Any CPU.ActiveCfg = Debug|Any CPU
		{D1715BDC-3D2D-4A75-9F0C-D5AD96BE79F7}.Debug|Any CPU.Build.0 = Debug|Any CPU
		{D1715BDC-3D2D-4A75-9F0C-D5AD96BE79F7}.Debug|x64.ActiveCfg = Debug|Any CPU
		{D1715BDC-3D2D-4A75-9F0C-D5AD96BE79F7}.Debug|x64.Build.0 = Debug|Any CPU
		{D1715BDC-3D2D-4A75-9F0C-D5AD96BE79F7}.Debug|x86.ActiveCfg = Debug|Any CPU
		{D1715BDC-3D2D-4A75-9F0C-D5AD96BE79F7}.Debug|x86.Build.0 = Debug|Any CPU
		{D1715BDC-3D2D-4A75-9F0C-D5AD96BE79F7}.Release|Any CPU.ActiveCfg = Release|Any CPU
		{D1715BDC-3D2D-4A75-9F0C-D5AD96BE79F7}.Release|Any CPU.Build.0 = Release|Any CPU
		{D1715BDC-3D2D-4A75-9F0C-D5AD96BE79F7}.Release|x64.ActiveCfg = Release|Any CPU
		{D1715BDC-3D2D-4A75-9F0C-D5AD96BE79F7}.Release|x64.Build.0 = Release|Any CPU
		{D1715BDC-3D2D-4A75-9F0C-D5AD96BE79F7}.Release|x86.ActiveCfg = Release|Any CPU
		{D1715BDC-3D2D-4A75-9F0C-D5AD96BE79F7}.Release|x86.Build.0 = Release|Any CPU
		{82A932AD-B826-4C46-99E3-73BFE354DC78}.Debug|Any CPU.ActiveCfg = Debug|Any CPU
		{82A932AD-B826-4C46-99E3-73BFE354DC78}.Debug|Any CPU.Build.0 = Debug|Any CPU
		{82A932AD-B826-4C46-99E3-73BFE354DC78}.Debug|x64.ActiveCfg = Debug|Any CPU
		{82A932AD-B826-4C46-99E3-73BFE354DC78}.Debug|x64.Build.0 = Debug|Any CPU
		{82A932AD-B826-4C46-99E3-73BFE354DC78}.Debug|x86.ActiveCfg = Debug|Any CPU
		{82A932AD-B826-4C46-99E3-73BFE354DC78}.Debug|x86.Build.0 = Debug|Any CPU
		{82A932AD-B826-4C46-99E3-73BFE354DC78}.Release|Any CPU.ActiveCfg = Release|Any CPU
		{82A932AD-B826-4C46-99E3-73BFE354DC78}.Release|Any CPU.Build.0 = Release|Any CPU
		{82A932AD-B826-4C46-99E3-73BFE354DC78}.Release|x64.ActiveCfg = Release|Any CPU
		{82A932AD-B826-4C46-99E3-73BFE354DC78}.Release|x64.Build.0 = Release|Any CPU
		{82A932AD-B826-4C46-99E3-73BFE354DC78}.Release|x86.ActiveCfg = Release|Any CPU
		{82A932AD-B826-4C46-99E3-73BFE354DC78}.Release|x86.Build.0 = Release|Any CPU
		{4D188A93-3996-41CF-8F08-5D781AE2322C}.Debug|Any CPU.ActiveCfg = Debug|Any CPU
		{4D188A93-3996-41CF-8F08-5D781AE2322C}.Debug|Any CPU.Build.0 = Debug|Any CPU
		{4D188A93-3996-41CF-8F08-5D781AE2322C}.Debug|x64.ActiveCfg = Debug|Any CPU
		{4D188A93-3996-41CF-8F08-5D781AE2322C}.Debug|x64.Build.0 = Debug|Any CPU
		{4D188A93-3996-41CF-8F08-5D781AE2322C}.Debug|x86.ActiveCfg = Debug|Any CPU
		{4D188A93-3996-41CF-8F08-5D781AE2322C}.Debug|x86.Build.0 = Debug|Any CPU
		{4D188A93-3996-41CF-8F08-5D781AE2322C}.Release|Any CPU.ActiveCfg = Release|Any CPU
		{4D188A93-3996-41CF-8F08-5D781AE2322C}.Release|Any CPU.Build.0 = Release|Any CPU
		{4D188A93-3996-41CF-8F08-5D781AE2322C}.Release|x64.ActiveCfg = Release|Any CPU
		{4D188A93-3996-41CF-8F08-5D781AE2322C}.Release|x64.Build.0 = Release|Any CPU
		{4D188A93-3996-41CF-8F08-5D781AE2322C}.Release|x86.ActiveCfg = Release|Any CPU
		{4D188A93-3996-41CF-8F08-5D781AE2322C}.Release|x86.Build.0 = Release|Any CPU
		{A9B74BB9-1008-464D-A6A6-8CB4DC4A2FC1}.Debug|Any CPU.ActiveCfg = Debug|Any CPU
		{A9B74BB9-1008-464D-A6A6-8CB4DC4A2FC1}.Debug|Any CPU.Build.0 = Debug|Any CPU
		{A9B74BB9-1008-464D-A6A6-8CB4DC4A2FC1}.Debug|x64.ActiveCfg = Debug|Any CPU
		{A9B74BB9-1008-464D-A6A6-8CB4DC4A2FC1}.Debug|x64.Build.0 = Debug|Any CPU
		{A9B74BB9-1008-464D-A6A6-8CB4DC4A2FC1}.Debug|x86.ActiveCfg = Debug|Any CPU
		{A9B74BB9-1008-464D-A6A6-8CB4DC4A2FC1}.Debug|x86.Build.0 = Debug|Any CPU
		{A9B74BB9-1008-464D-A6A6-8CB4DC4A2FC1}.Release|Any CPU.ActiveCfg = Release|Any CPU
		{A9B74BB9-1008-464D-A6A6-8CB4DC4A2FC1}.Release|Any CPU.Build.0 = Release|Any CPU
		{A9B74BB9-1008-464D-A6A6-8CB4DC4A2FC1}.Release|x64.ActiveCfg = Release|Any CPU
		{A9B74BB9-1008-464D-A6A6-8CB4DC4A2FC1}.Release|x64.Build.0 = Release|Any CPU
		{A9B74BB9-1008-464D-A6A6-8CB4DC4A2FC1}.Release|x86.ActiveCfg = Release|Any CPU
		{A9B74BB9-1008-464D-A6A6-8CB4DC4A2FC1}.Release|x86.Build.0 = Release|Any CPU
		{8C15438B-6B5D-42E6-94B3-264C64A5C64F}.Debug|Any CPU.ActiveCfg = Debug|Any CPU
		{8C15438B-6B5D-42E6-94B3-264C64A5C64F}.Debug|Any CPU.Build.0 = Debug|Any CPU
		{8C15438B-6B5D-42E6-94B3-264C64A5C64F}.Debug|x64.ActiveCfg = Debug|Any CPU
		{8C15438B-6B5D-42E6-94B3-264C64A5C64F}.Debug|x64.Build.0 = Debug|Any CPU
		{8C15438B-6B5D-42E6-94B3-264C64A5C64F}.Debug|x86.ActiveCfg = Debug|Any CPU
		{8C15438B-6B5D-42E6-94B3-264C64A5C64F}.Debug|x86.Build.0 = Debug|Any CPU
		{8C15438B-6B5D-42E6-94B3-264C64A5C64F}.Release|Any CPU.ActiveCfg = Release|Any CPU
		{8C15438B-6B5D-42E6-94B3-264C64A5C64F}.Release|Any CPU.Build.0 = Release|Any CPU
		{8C15438B-6B5D-42E6-94B3-264C64A5C64F}.Release|x64.ActiveCfg = Release|Any CPU
		{8C15438B-6B5D-42E6-94B3-264C64A5C64F}.Release|x64.Build.0 = Release|Any CPU
		{8C15438B-6B5D-42E6-94B3-264C64A5C64F}.Release|x86.ActiveCfg = Release|Any CPU
		{8C15438B-6B5D-42E6-94B3-264C64A5C64F}.Release|x86.Build.0 = Release|Any CPU
		{A93571DE-30B1-4838-9FD3-06321D1D8D20}.Debug|Any CPU.ActiveCfg = Debug|Any CPU
		{A93571DE-30B1-4838-9FD3-06321D1D8D20}.Debug|Any CPU.Build.0 = Debug|Any CPU
		{A93571DE-30B1-4838-9FD3-06321D1D8D20}.Debug|x64.ActiveCfg = Debug|Any CPU
		{A93571DE-30B1-4838-9FD3-06321D1D8D20}.Debug|x64.Build.0 = Debug|Any CPU
		{A93571DE-30B1-4838-9FD3-06321D1D8D20}.Debug|x86.ActiveCfg = Debug|Any CPU
		{A93571DE-30B1-4838-9FD3-06321D1D8D20}.Debug|x86.Build.0 = Debug|Any CPU
		{A93571DE-30B1-4838-9FD3-06321D1D8D20}.Release|Any CPU.ActiveCfg = Release|Any CPU
		{A93571DE-30B1-4838-9FD3-06321D1D8D20}.Release|Any CPU.Build.0 = Release|Any CPU
		{A93571DE-30B1-4838-9FD3-06321D1D8D20}.Release|x64.ActiveCfg = Release|Any CPU
		{A93571DE-30B1-4838-9FD3-06321D1D8D20}.Release|x64.Build.0 = Release|Any CPU
		{A93571DE-30B1-4838-9FD3-06321D1D8D20}.Release|x86.ActiveCfg = Release|Any CPU
		{A93571DE-30B1-4838-9FD3-06321D1D8D20}.Release|x86.Build.0 = Release|Any CPU
		{0E59EF3E-5E44-4808-8AA6-75655939A233}.Debug|Any CPU.ActiveCfg = Debug|Any CPU
		{0E59EF3E-5E44-4808-8AA6-75655939A233}.Debug|Any CPU.Build.0 = Debug|Any CPU
		{0E59EF3E-5E44-4808-8AA6-75655939A233}.Debug|x64.ActiveCfg = Debug|Any CPU
		{0E59EF3E-5E44-4808-8AA6-75655939A233}.Debug|x64.Build.0 = Debug|Any CPU
		{0E59EF3E-5E44-4808-8AA6-75655939A233}.Debug|x86.ActiveCfg = Debug|Any CPU
		{0E59EF3E-5E44-4808-8AA6-75655939A233}.Debug|x86.Build.0 = Debug|Any CPU
		{0E59EF3E-5E44-4808-8AA6-75655939A233}.Release|Any CPU.ActiveCfg = Release|Any CPU
		{0E59EF3E-5E44-4808-8AA6-75655939A233}.Release|Any CPU.Build.0 = Release|Any CPU
		{0E59EF3E-5E44-4808-8AA6-75655939A233}.Release|x64.ActiveCfg = Release|Any CPU
		{0E59EF3E-5E44-4808-8AA6-75655939A233}.Release|x64.Build.0 = Release|Any CPU
		{0E59EF3E-5E44-4808-8AA6-75655939A233}.Release|x86.ActiveCfg = Release|Any CPU
		{0E59EF3E-5E44-4808-8AA6-75655939A233}.Release|x86.Build.0 = Release|Any CPU
	EndGlobalSection
	GlobalSection(SolutionProperties) = preSolution
		HideSolutionNode = FALSE
	EndGlobalSection
	GlobalSection(ExtensibilityGlobals) = postSolution
		SolutionGuid = {0BCC83C3-A15E-4A86-8DCF-1587A5CEA7FD}
	EndGlobalSection
EndGlobal
